// !$*UTF8*$!
{
	archiveVersion = 1;
	classes = {
	};
	objectVersion = 70;
	objects = {

/* Begin PBXBuildFile section */
		1D3623260D0F684500981E51 /* AppDelegate.m in Sources */ = {isa = PBXBuildFile; fileRef = 1D3623250D0F684500981E51 /* AppDelegate.m */; };
		1D60589B0D05DD56006BFB54 /* main.m in Sources */ = {isa = PBXBuildFile; fileRef = 29B97316FDCFA39411CA2CEA /* main.m */; };
		1D60589F0D05DD5A006BFB54 /* Foundation.framework in Frameworks */ = {isa = PBXBuildFile; fileRef = 1D30AB110D05D00D00671497 /* Foundation.framework */; };
		1DF5F4E00D08C38300B7A737 /* UIKit.framework in Frameworks */ = {isa = PBXBuildFile; fileRef = 1DF5F4DF0D08C38300B7A737 /* UIKit.framework */; };
		288765A50DF7441C002DB57D /* CoreGraphics.framework in Frameworks */ = {isa = PBXBuildFile; fileRef = 288765A40DF7441C002DB57D /* CoreGraphics.framework */; };
		2899E5220DE3E06400AC0155 /* ChessMailViewController.xib in Resources */ = {isa = PBXBuildFile; fileRef = 2899E5210DE3E06400AC0155 /* ChessMailViewController.xib */; };
		28AD733F0D9D9553002E5188 /* MainWindow.xib in Resources */ = {isa = PBXBuildFile; fileRef = 28AD733E0D9D9553002E5188 /* MainWindow.xib */; };
		28D7ACF80DDB3853001CB0EB /* ViewController.m in Sources */ = {isa = PBXBuildFile; fileRef = 28D7ACF70DDB3853001CB0EB /* ViewController.m */; };
		690A39EE125FEEFC00E1173B /* Settings.plist in Resources */ = {isa = PBXBuildFile; fileRef = 690A39ED125FEEFC00E1173B /* Settings.plist */; };
		690A3BE7126215CF00E1173B /* UIButtonBarPlay.png in Resources */ = {isa = PBXBuildFile; fileRef = 690A3BE6126215CF00E1173B /* UIButtonBarPlay.png */; };
		690A3BF01262164500E1173B /* UIButtonBarRevert.png in Resources */ = {isa = PBXBuildFile; fileRef = 690A3BEF1262164500E1173B /* UIButtonBarRevert.png */; };
		690A3C811262310D00E1173B /* GameKit.framework in Frameworks */ = {isa = PBXBuildFile; fileRef = 690A3C801262310D00E1173B /* GameKit.framework */; };
		690A3CE3126239C900E1173B /* blackButton.png in Resources */ = {isa = PBXBuildFile; fileRef = 690A3CE2126239C900E1173B /* blackButton.png */; };
		690A3CE512623A2E00E1173B /* clearButton.png in Resources */ = {isa = PBXBuildFile; fileRef = 690A3CE412623A2E00E1173B /* clearButton.png */; };
		690A3D0712623E0000E1173B /* BrowserViewController.m in Sources */ = {isa = PBXBuildFile; fileRef = 690A3D0412623E0000E1173B /* BrowserViewController.m */; };
		690A3D0812623E0000E1173B /* TCPServer.m in Sources */ = {isa = PBXBuildFile; fileRef = 690A3D0612623E0000E1173B /* TCPServer.m */; };
		690A3D0B12623E8100E1173B /* Picker.m in Sources */ = {isa = PBXBuildFile; fileRef = 690A3D0A12623E8100E1173B /* Picker.m */; };
		690A3D1C1262453C00E1173B /* bg.png in Resources */ = {isa = PBXBuildFile; fileRef = 690A3D1B1262453C00E1173B /* bg.png */; };
		690A3D921262466B00E1173B /* CoreAudio.framework in Frameworks */ = {isa = PBXBuildFile; fileRef = 690A3D911262466B00E1173B /* CoreAudio.framework */; };
		690A3D981262467500E1173B /* AVFoundation.framework in Frameworks */ = {isa = PBXBuildFile; fileRef = 690A3D971262467500E1173B /* AVFoundation.framework */; };
		690A3DA01262468E00E1173B /* AudioToolbox.framework in Frameworks */ = {isa = PBXBuildFile; fileRef = 690A3D9F1262468E00E1173B /* AudioToolbox.framework */; };
		690E50ED123417E600DC1CED /* SquareLayer.m in Sources */ = {isa = PBXBuildFile; fileRef = 690E50EC123417E600DC1CED /* SquareLayer.m */; };
		690E510112341DB500DC1CED /* whiteRookImage.png in Resources */ = {isa = PBXBuildFile; fileRef = 690E50F512341DB500DC1CED /* whiteRookImage.png */; };
		690E510212341DB500DC1CED /* whiteQueenImage.png in Resources */ = {isa = PBXBuildFile; fileRef = 690E50F612341DB500DC1CED /* whiteQueenImage.png */; };
		690E510312341DB500DC1CED /* whitePawnImage.png in Resources */ = {isa = PBXBuildFile; fileRef = 690E50F712341DB500DC1CED /* whitePawnImage.png */; };
		690E510412341DB500DC1CED /* whiteKnightImage.png in Resources */ = {isa = PBXBuildFile; fileRef = 690E50F812341DB500DC1CED /* whiteKnightImage.png */; };
		690E510512341DB500DC1CED /* whiteKingImage.png in Resources */ = {isa = PBXBuildFile; fileRef = 690E50F912341DB500DC1CED /* whiteKingImage.png */; };
		690E510612341DB500DC1CED /* whiteBishopImage.png in Resources */ = {isa = PBXBuildFile; fileRef = 690E50FA12341DB500DC1CED /* whiteBishopImage.png */; };
		690E510712341DB500DC1CED /* blackRookImage.png in Resources */ = {isa = PBXBuildFile; fileRef = 690E50FB12341DB500DC1CED /* blackRookImage.png */; };
		690E510812341DB500DC1CED /* blackQueenImage.png in Resources */ = {isa = PBXBuildFile; fileRef = 690E50FC12341DB500DC1CED /* blackQueenImage.png */; };
		690E510912341DB500DC1CED /* blackPawnImage.png in Resources */ = {isa = PBXBuildFile; fileRef = 690E50FD12341DB500DC1CED /* blackPawnImage.png */; };
		690E510A12341DB500DC1CED /* blackKnightImage.png in Resources */ = {isa = PBXBuildFile; fileRef = 690E50FE12341DB500DC1CED /* blackKnightImage.png */; };
		690E510B12341DB500DC1CED /* blackKingImage.png in Resources */ = {isa = PBXBuildFile; fileRef = 690E50FF12341DB500DC1CED /* blackKingImage.png */; };
		690E510C12341DB500DC1CED /* blackBishopImage.png in Resources */ = {isa = PBXBuildFile; fileRef = 690E510012341DB500DC1CED /* blackBishopImage.png */; };
		693018E2178E6A3B0089CDB4 /* timer20x20.png in Resources */ = {isa = PBXBuildFile; fileRef = 693018E0178E6A3B0089CDB4 /* timer20x20.png */; };
		693018E3178E6A3B0089CDB4 /* timer40x40.png in Resources */ = {isa = PBXBuildFile; fileRef = 693018E1178E6A3B0089CDB4 /* timer40x40.png */; };
		69357759164715F600BEE7BC /* Default-568h@2x.png in Resources */ = {isa = PBXBuildFile; fileRef = 69357758164715F600BEE7BC /* Default-568h@2x.png */; };
		6935776416472D8000BEE7BC /* icon@2x.png in Resources */ = {isa = PBXBuildFile; fileRef = 6935775E16472D7F00BEE7BC /* icon@2x.png */; };
		6935776516472D8000BEE7BC /* icon-72.png in Resources */ = {isa = PBXBuildFile; fileRef = 6935775F16472D7F00BEE7BC /* icon-72.png */; };
		6935776616472D8000BEE7BC /* icon-small@2x.png in Resources */ = {isa = PBXBuildFile; fileRef = 6935776016472D7F00BEE7BC /* icon-small@2x.png */; };
		6935776716472D8000BEE7BC /* icon.png in Resources */ = {isa = PBXBuildFile; fileRef = 6935776116472D7F00BEE7BC /* icon.png */; };
		6935776816472D8000BEE7BC /* icon-small-50.png in Resources */ = {isa = PBXBuildFile; fileRef = 6935776216472D7F00BEE7BC /* icon-small-50.png */; };
		6935776916472D8000BEE7BC /* icon-small.png in Resources */ = {isa = PBXBuildFile; fileRef = 6935776316472D8000BEE7BC /* icon-small.png */; };
		6942F9D11220971B002E59B5 /* ChessBoard.m in Sources */ = {isa = PBXBuildFile; fileRef = 6942F9D01220971B002E59B5 /* ChessBoard.m */; };
		6942F9D412209736002E59B5 /* ChessMoveGenerator.m in Sources */ = {isa = PBXBuildFile; fileRef = 6942F9D312209736002E59B5 /* ChessMoveGenerator.m */; };
		6942F9D712209743002E59B5 /* ChessPlayerAI.m in Sources */ = {isa = PBXBuildFile; fileRef = 6942F9D612209743002E59B5 /* ChessPlayerAI.m */; };
		6942F9E0122097EA002E59B5 /* ChessPlayer.m in Sources */ = {isa = PBXBuildFile; fileRef = 6942F9DF122097EA002E59B5 /* ChessPlayer.m */; };
		6942FA2412209E99002E59B5 /* ChessHistoryTable.m in Sources */ = {isa = PBXBuildFile; fileRef = 6942FA2312209E99002E59B5 /* ChessHistoryTable.m */; };
		6942FA6C1220A569002E59B5 /* ChessPieceLayer.m in Sources */ = {isa = PBXBuildFile; fileRef = 6942FA6B1220A569002E59B5 /* ChessPieceLayer.m */; };
		6942FA7E1220A629002E59B5 /* ChessMove.m in Sources */ = {isa = PBXBuildFile; fileRef = 6942FA7D1220A629002E59B5 /* ChessMove.m */; };
		6942FDE51221E574002E59B5 /* ChessMoveList.m in Sources */ = {isa = PBXBuildFile; fileRef = 6942FDE41221E574002E59B5 /* ChessMoveList.m */; };
		6957BDB1127114A6001630F6 /* ChessMailViewController-iPad.xib in Resources */ = {isa = PBXBuildFile; fileRef = 6957BDB0127114A6001630F6 /* ChessMailViewController-iPad.xib */; };
		699CF5581229BA430054F0B2 /* ChessTranspositionTable.m in Sources */ = {isa = PBXBuildFile; fileRef = 699CF5571229BA430054F0B2 /* ChessTranspositionTable.m */; };
		699CF60E1229D0790054F0B2 /* ChessTTEntry.m in Sources */ = {isa = PBXBuildFile; fileRef = 699CF60D1229D0790054F0B2 /* ChessTTEntry.m */; };
		69B6A6EF17889B0500A56015 /* Storyboard_ipad.storyboard in Resources */ = {isa = PBXBuildFile; fileRef = 69B6A6EE17889B0500A56015 /* Storyboard_ipad.storyboard */; };
		69B6A6F117889B1600A56015 /* Storyboard_iphone.storyboard in Resources */ = {isa = PBXBuildFile; fileRef = 69B6A6F017889B1600A56015 /* Storyboard_iphone.storyboard */; };
		69C4838F12189F2500089898 /* MainWindow-iPad.xib in Resources */ = {isa = PBXBuildFile; fileRef = 69C4838E12189F2500089898 /* MainWindow-iPad.xib */; };
		69C4839C1218A3FF00089898 /* leather.jpeg in Resources */ = {isa = PBXBuildFile; fileRef = 69C4839B1218A3FF00089898 /* leather.jpeg */; };
		69C483AF1218A87E00089898 /* QuartzCore.framework in Frameworks */ = {isa = PBXBuildFile; fileRef = 69C483AE1218A87E00089898 /* QuartzCore.framework */; };
		69C484281218B0DD00089898 /* players.plist in Resources */ = {isa = PBXBuildFile; fileRef = 69C484271218B0DD00089898 /* players.plist */; };
		69C4847B1218BFC300089898 /* blackplayer.png in Resources */ = {isa = PBXBuildFile; fileRef = 69C484791218BFC300089898 /* blackplayer.png */; };
		69C4847C1218BFC300089898 /* redplayer.png in Resources */ = {isa = PBXBuildFile; fileRef = 69C4847A1218BFC300089898 /* redplayer.png */; };
		69C4850B1218F8DE00089898 /* checkerboard.png in Resources */ = {isa = PBXBuildFile; fileRef = 69C4850A1218F8DE00089898 /* checkerboard.png */; };
		69D353841257C6FF002E2FB9 /* MediaPlayer.framework in Frameworks */ = {isa = PBXBuildFile; fileRef = 69D353831257C6FF002E2FB9 /* MediaPlayer.framework */; };
		69F9E017126BC41B0025491A /* WaitingAlertView.m in Sources */ = {isa = PBXBuildFile; fileRef = 69F9E016126BC41B0025491A /* WaitingAlertView.m */; };
		AA6D359E179053C40059A4EA /* checkmark20x14.png in Resources */ = {isa = PBXBuildFile; fileRef = AA6D359C179053C40059A4EA /* checkmark20x14.png */; };
		AA6D359F179053C40059A4EA /* checkmark40x28.png in Resources */ = {isa = PBXBuildFile; fileRef = AA6D359D179053C40059A4EA /* checkmark40x28.png */; };
		AA6D35A217906A110059A4EA /* TimerDetailController.m in Sources */ = {isa = PBXBuildFile; fileRef = AA6D35A117906A110059A4EA /* TimerDetailController.m */; };
		AADF04C2178F89BE00A54608 /* TimerSettingsController.m in Sources */ = {isa = PBXBuildFile; fileRef = AADF04C1178F89BE00A54608 /* TimerSettingsController.m */; };
		AADF04C5178F8B2700A54608 /* TimerModel.m in Sources */ = {isa = PBXBuildFile; fileRef = AADF04C4178F8B2700A54608 /* TimerModel.m */; };
/* End PBXBuildFile section */

/* Begin PBXCopyFilesBuildPhase section */
		AA5A02762E1995000080DAFC /* CopyFiles */ = {
			isa = PBXCopyFilesBuildPhase;
			buildActionMask = 2147483647;
			dstPath = /usr/share/man/man1/;
			dstSubfolderSpec = 0;
			files = (
			);
			runOnlyForDeploymentPostprocessing = 1;
		};
		AAEDD0282E17112300A90C54 /* CopyFiles */ = {
			isa = PBXCopyFilesBuildPhase;
			buildActionMask = 2147483647;
			dstPath = /usr/share/man/man1/;
			dstSubfolderSpec = 0;
			files = (
			);
			runOnlyForDeploymentPostprocessing = 1;
		};
/* End PBXCopyFilesBuildPhase section */

/* Begin PBXFileReference section */
		1D30AB110D05D00D00671497 /* Foundation.framework */ = {isa = PBXFileReference; lastKnownFileType = wrapper.framework; name = Foundation.framework; path = System/Library/Frameworks/Foundation.framework; sourceTree = SDKROOT; };
		1D3623240D0F684500981E51 /* AppDelegate.h */ = {isa = PBXFileReference; fileEncoding = 4; lastKnownFileType = sourcecode.c.h; path = AppDelegate.h; sourceTree = "<group>"; };
		1D3623250D0F684500981E51 /* AppDelegate.m */ = {isa = PBXFileReference; fileEncoding = 4; lastKnownFileType = sourcecode.c.objc; path = AppDelegate.m; sourceTree = "<group>"; };
		1D6058910D05DD3D006BFB54 /* Chess Friends.app */ = {isa = PBXFileReference; explicitFileType = wrapper.application; includeInIndex = 0; path = "Chess Friends.app"; sourceTree = BUILT_PRODUCTS_DIR; };
		1DF5F4DF0D08C38300B7A737 /* UIKit.framework */ = {isa = PBXFileReference; lastKnownFileType = wrapper.framework; name = UIKit.framework; path = System/Library/Frameworks/UIKit.framework; sourceTree = SDKROOT; };
		288765A40DF7441C002DB57D /* CoreGraphics.framework */ = {isa = PBXFileReference; lastKnownFileType = wrapper.framework; name = CoreGraphics.framework; path = System/Library/Frameworks/CoreGraphics.framework; sourceTree = SDKROOT; };
		2899E5210DE3E06400AC0155 /* ChessMailViewController.xib */ = {isa = PBXFileReference; lastKnownFileType = file.xib; path = ChessMailViewController.xib; sourceTree = "<group>"; };
		28AD733E0D9D9553002E5188 /* MainWindow.xib */ = {isa = PBXFileReference; lastKnownFileType = file.xib; path = MainWindow.xib; sourceTree = "<group>"; };
		28D7ACF60DDB3853001CB0EB /* ViewController.h */ = {isa = PBXFileReference; fileEncoding = 4; lastKnownFileType = sourcecode.c.h; path = ViewController.h; sourceTree = "<group>"; };
		28D7ACF70DDB3853001CB0EB /* ViewController.m */ = {isa = PBXFileReference; fileEncoding = 4; lastKnownFileType = sourcecode.c.objc; path = ViewController.m; sourceTree = "<group>"; };
		29B97316FDCFA39411CA2CEA /* main.m */ = {isa = PBXFileReference; fileEncoding = 4; lastKnownFileType = sourcecode.c.objc; path = main.m; sourceTree = "<group>"; };
		32CA4F630368D1EE00C91783 /* Chess_Prefix.pch */ = {isa = PBXFileReference; fileEncoding = 4; lastKnownFileType = sourcecode.c.h; path = Chess_Prefix.pch; sourceTree = "<group>"; };
		690A39ED125FEEFC00E1173B /* Settings.plist */ = {isa = PBXFileReference; fileEncoding = 4; lastKnownFileType = text.plist.xml; path = Settings.plist; sourceTree = "<group>"; };
		690A3BE6126215CF00E1173B /* UIButtonBarPlay.png */ = {isa = PBXFileReference; lastKnownFileType = image.png; path = UIButtonBarPlay.png; sourceTree = "<group>"; };
		690A3BEF1262164500E1173B /* UIButtonBarRevert.png */ = {isa = PBXFileReference; lastKnownFileType = image.png; path = UIButtonBarRevert.png; sourceTree = "<group>"; };
		690A3C801262310D00E1173B /* GameKit.framework */ = {isa = PBXFileReference; lastKnownFileType = wrapper.framework; name = GameKit.framework; path = System/Library/Frameworks/GameKit.framework; sourceTree = SDKROOT; };
		690A3CE2126239C900E1173B /* blackButton.png */ = {isa = PBXFileReference; lastKnownFileType = image.png; path = blackButton.png; sourceTree = "<group>"; };
		690A3CE412623A2E00E1173B /* clearButton.png */ = {isa = PBXFileReference; lastKnownFileType = image.png; path = clearButton.png; sourceTree = "<group>"; };
		690A3D0312623E0000E1173B /* BrowserViewController.h */ = {isa = PBXFileReference; fileEncoding = 4; lastKnownFileType = sourcecode.c.h; path = BrowserViewController.h; sourceTree = "<group>"; };
		690A3D0412623E0000E1173B /* BrowserViewController.m */ = {isa = PBXFileReference; fileEncoding = 4; lastKnownFileType = sourcecode.c.objc; path = BrowserViewController.m; sourceTree = "<group>"; };
		690A3D0512623E0000E1173B /* TCPServer.h */ = {isa = PBXFileReference; fileEncoding = 4; lastKnownFileType = sourcecode.c.h; path = TCPServer.h; sourceTree = "<group>"; };
		690A3D0612623E0000E1173B /* TCPServer.m */ = {isa = PBXFileReference; fileEncoding = 4; lastKnownFileType = sourcecode.c.objc; path = TCPServer.m; sourceTree = "<group>"; };
		690A3D0912623E8100E1173B /* Picker.h */ = {isa = PBXFileReference; fileEncoding = 4; lastKnownFileType = sourcecode.c.h; path = Picker.h; sourceTree = "<group>"; };
		690A3D0A12623E8100E1173B /* Picker.m */ = {isa = PBXFileReference; fileEncoding = 4; lastKnownFileType = sourcecode.c.objc; path = Picker.m; sourceTree = "<group>"; };
		690A3D1B1262453C00E1173B /* bg.png */ = {isa = PBXFileReference; lastKnownFileType = image.png; path = bg.png; sourceTree = "<group>"; };
		690A3D911262466B00E1173B /* CoreAudio.framework */ = {isa = PBXFileReference; lastKnownFileType = wrapper.framework; name = CoreAudio.framework; path = System/Library/Frameworks/CoreAudio.framework; sourceTree = SDKROOT; };
		690A3D971262467500E1173B /* AVFoundation.framework */ = {isa = PBXFileReference; lastKnownFileType = wrapper.framework; name = AVFoundation.framework; path = System/Library/Frameworks/AVFoundation.framework; sourceTree = SDKROOT; };
		690A3D9F1262468E00E1173B /* AudioToolbox.framework */ = {isa = PBXFileReference; lastKnownFileType = wrapper.framework; name = AudioToolbox.framework; path = System/Library/Frameworks/AudioToolbox.framework; sourceTree = SDKROOT; };
		690E50EB123417E600DC1CED /* SquareLayer.h */ = {isa = PBXFileReference; fileEncoding = 4; lastKnownFileType = sourcecode.c.h; path = SquareLayer.h; sourceTree = "<group>"; };
		690E50EC123417E600DC1CED /* SquareLayer.m */ = {isa = PBXFileReference; fileEncoding = 4; lastKnownFileType = sourcecode.c.objc; path = SquareLayer.m; sourceTree = "<group>"; };
		690E50F512341DB500DC1CED /* whiteRookImage.png */ = {isa = PBXFileReference; lastKnownFileType = image.png; path = whiteRookImage.png; sourceTree = "<group>"; };
		690E50F612341DB500DC1CED /* whiteQueenImage.png */ = {isa = PBXFileReference; lastKnownFileType = image.png; path = whiteQueenImage.png; sourceTree = "<group>"; };
		690E50F712341DB500DC1CED /* whitePawnImage.png */ = {isa = PBXFileReference; lastKnownFileType = image.png; path = whitePawnImage.png; sourceTree = "<group>"; };
		690E50F812341DB500DC1CED /* whiteKnightImage.png */ = {isa = PBXFileReference; lastKnownFileType = image.png; path = whiteKnightImage.png; sourceTree = "<group>"; };
		690E50F912341DB500DC1CED /* whiteKingImage.png */ = {isa = PBXFileReference; lastKnownFileType = image.png; path = whiteKingImage.png; sourceTree = "<group>"; };
		690E50FA12341DB500DC1CED /* whiteBishopImage.png */ = {isa = PBXFileReference; lastKnownFileType = image.png; path = whiteBishopImage.png; sourceTree = "<group>"; };
		690E50FB12341DB500DC1CED /* blackRookImage.png */ = {isa = PBXFileReference; lastKnownFileType = image.png; path = blackRookImage.png; sourceTree = "<group>"; };
		690E50FC12341DB500DC1CED /* blackQueenImage.png */ = {isa = PBXFileReference; lastKnownFileType = image.png; path = blackQueenImage.png; sourceTree = "<group>"; };
		690E50FD12341DB500DC1CED /* blackPawnImage.png */ = {isa = PBXFileReference; lastKnownFileType = image.png; path = blackPawnImage.png; sourceTree = "<group>"; };
		690E50FE12341DB500DC1CED /* blackKnightImage.png */ = {isa = PBXFileReference; lastKnownFileType = image.png; path = blackKnightImage.png; sourceTree = "<group>"; };
		690E50FF12341DB500DC1CED /* blackKingImage.png */ = {isa = PBXFileReference; lastKnownFileType = image.png; path = blackKingImage.png; sourceTree = "<group>"; };
		690E510012341DB500DC1CED /* blackBishopImage.png */ = {isa = PBXFileReference; lastKnownFileType = image.png; path = blackBishopImage.png; sourceTree = "<group>"; };
		693018E0178E6A3B0089CDB4 /* timer20x20.png */ = {isa = PBXFileReference; lastKnownFileType = image.png; path = timer20x20.png; sourceTree = "<group>"; };
		693018E1178E6A3B0089CDB4 /* timer40x40.png */ = {isa = PBXFileReference; lastKnownFileType = image.png; path = timer40x40.png; sourceTree = "<group>"; };
		69357758164715F600BEE7BC /* Default-568h@2x.png */ = {isa = PBXFileReference; lastKnownFileType = image.png; path = "Default-568h@2x.png"; sourceTree = "<group>"; };
		6935775E16472D7F00BEE7BC /* icon@2x.png */ = {isa = PBXFileReference; lastKnownFileType = image.png; path = "icon@2x.png"; sourceTree = "<group>"; };
		6935775F16472D7F00BEE7BC /* icon-72.png */ = {isa = PBXFileReference; lastKnownFileType = image.png; path = "icon-72.png"; sourceTree = "<group>"; };
		6935776016472D7F00BEE7BC /* icon-small@2x.png */ = {isa = PBXFileReference; lastKnownFileType = image.png; path = "icon-small@2x.png"; sourceTree = "<group>"; };
		6935776116472D7F00BEE7BC /* icon.png */ = {isa = PBXFileReference; lastKnownFileType = image.png; path = icon.png; sourceTree = "<group>"; };
		6935776216472D7F00BEE7BC /* icon-small-50.png */ = {isa = PBXFileReference; lastKnownFileType = image.png; path = "icon-small-50.png"; sourceTree = "<group>"; };
		6935776316472D8000BEE7BC /* icon-small.png */ = {isa = PBXFileReference; lastKnownFileType = image.png; path = "icon-small.png"; sourceTree = "<group>"; };
		6942F9CF1220971B002E59B5 /* ChessBoard.h */ = {isa = PBXFileReference; fileEncoding = 4; lastKnownFileType = sourcecode.c.h; path = ChessBoard.h; sourceTree = "<group>"; };
		6942F9D01220971B002E59B5 /* ChessBoard.m */ = {isa = PBXFileReference; fileEncoding = 4; lastKnownFileType = sourcecode.c.objc; path = ChessBoard.m; sourceTree = "<group>"; };
		6942F9D212209736002E59B5 /* ChessMoveGenerator.h */ = {isa = PBXFileReference; fileEncoding = 4; lastKnownFileType = sourcecode.c.h; path = ChessMoveGenerator.h; sourceTree = "<group>"; };
		6942F9D312209736002E59B5 /* ChessMoveGenerator.m */ = {isa = PBXFileReference; fileEncoding = 4; lastKnownFileType = sourcecode.c.objc; path = ChessMoveGenerator.m; sourceTree = "<group>"; };
		6942F9D512209743002E59B5 /* ChessPlayerAI.h */ = {isa = PBXFileReference; fileEncoding = 4; lastKnownFileType = sourcecode.c.h; path = ChessPlayerAI.h; sourceTree = "<group>"; };
		6942F9D612209743002E59B5 /* ChessPlayerAI.m */ = {isa = PBXFileReference; fileEncoding = 4; lastKnownFileType = sourcecode.c.objc; path = ChessPlayerAI.m; sourceTree = "<group>"; };
		6942F9DE122097EA002E59B5 /* ChessPlayer.h */ = {isa = PBXFileReference; fileEncoding = 4; lastKnownFileType = sourcecode.c.h; path = ChessPlayer.h; sourceTree = "<group>"; };
		6942F9DF122097EA002E59B5 /* ChessPlayer.m */ = {isa = PBXFileReference; fileEncoding = 4; lastKnownFileType = sourcecode.c.objc; path = ChessPlayer.m; sourceTree = "<group>"; };
		6942FA2212209E99002E59B5 /* ChessHistoryTable.h */ = {isa = PBXFileReference; fileEncoding = 4; lastKnownFileType = sourcecode.c.h; path = ChessHistoryTable.h; sourceTree = "<group>"; };
		6942FA2312209E99002E59B5 /* ChessHistoryTable.m */ = {isa = PBXFileReference; fileEncoding = 4; lastKnownFileType = sourcecode.c.objc; path = ChessHistoryTable.m; sourceTree = "<group>"; };
		6942FA2B12209F36002E59B5 /* ChessUserAgent.h */ = {isa = PBXFileReference; fileEncoding = 4; lastKnownFileType = sourcecode.c.h; path = ChessUserAgent.h; sourceTree = "<group>"; };
		6942FA6A1220A569002E59B5 /* ChessPieceLayer.h */ = {isa = PBXFileReference; fileEncoding = 4; lastKnownFileType = sourcecode.c.h; path = ChessPieceLayer.h; sourceTree = "<group>"; };
		6942FA6B1220A569002E59B5 /* ChessPieceLayer.m */ = {isa = PBXFileReference; fileEncoding = 4; lastKnownFileType = sourcecode.c.objc; path = ChessPieceLayer.m; sourceTree = "<group>"; };
		6942FA7C1220A629002E59B5 /* ChessMove.h */ = {isa = PBXFileReference; fileEncoding = 4; lastKnownFileType = sourcecode.c.h; path = ChessMove.h; sourceTree = "<group>"; };
		6942FA7D1220A629002E59B5 /* ChessMove.m */ = {isa = PBXFileReference; fileEncoding = 4; lastKnownFileType = sourcecode.c.objc; path = ChessMove.m; sourceTree = "<group>"; };
		6942FDE31221E574002E59B5 /* ChessMoveList.h */ = {isa = PBXFileReference; fileEncoding = 4; lastKnownFileType = sourcecode.c.h; path = ChessMoveList.h; sourceTree = "<group>"; };
		6942FDE41221E574002E59B5 /* ChessMoveList.m */ = {isa = PBXFileReference; fileEncoding = 4; lastKnownFileType = sourcecode.c.objc; path = ChessMoveList.m; sourceTree = "<group>"; };
		6957BDB0127114A6001630F6 /* ChessMailViewController-iPad.xib */ = {isa = PBXFileReference; lastKnownFileType = file.xib; name = "ChessMailViewController-iPad.xib"; path = "Resources-iPad/ChessMailViewController-iPad.xib"; sourceTree = "<group>"; };
		699CF5561229BA430054F0B2 /* ChessTranspositionTable.h */ = {isa = PBXFileReference; fileEncoding = 4; lastKnownFileType = sourcecode.c.h; path = ChessTranspositionTable.h; sourceTree = "<group>"; };
		699CF5571229BA430054F0B2 /* ChessTranspositionTable.m */ = {isa = PBXFileReference; fileEncoding = 4; lastKnownFileType = sourcecode.c.objc; path = ChessTranspositionTable.m; sourceTree = "<group>"; };
		699CF60C1229D0790054F0B2 /* ChessTTEntry.h */ = {isa = PBXFileReference; fileEncoding = 4; lastKnownFileType = sourcecode.c.h; path = ChessTTEntry.h; sourceTree = "<group>"; };
		699CF60D1229D0790054F0B2 /* ChessTTEntry.m */ = {isa = PBXFileReference; fileEncoding = 4; lastKnownFileType = sourcecode.c.objc; path = ChessTTEntry.m; sourceTree = "<group>"; };
		69B6A6EE17889B0500A56015 /* Storyboard_ipad.storyboard */ = {isa = PBXFileReference; fileEncoding = 4; lastKnownFileType = file.storyboard; path = Storyboard_ipad.storyboard; sourceTree = "<group>"; };
		69B6A6F017889B1600A56015 /* Storyboard_iphone.storyboard */ = {isa = PBXFileReference; fileEncoding = 4; lastKnownFileType = file.storyboard; path = Storyboard_iphone.storyboard; sourceTree = "<group>"; };
		69C4838E12189F2500089898 /* MainWindow-iPad.xib */ = {isa = PBXFileReference; lastKnownFileType = file.xib; name = "MainWindow-iPad.xib"; path = "Resources-iPad/MainWindow-iPad.xib"; sourceTree = "<group>"; };
		69C4839B1218A3FF00089898 /* leather.jpeg */ = {isa = PBXFileReference; lastKnownFileType = image.jpeg; path = leather.jpeg; sourceTree = "<group>"; };
		69C483AE1218A87E00089898 /* QuartzCore.framework */ = {isa = PBXFileReference; lastKnownFileType = wrapper.framework; name = QuartzCore.framework; path = System/Library/Frameworks/QuartzCore.framework; sourceTree = SDKROOT; };
		69C484271218B0DD00089898 /* players.plist */ = {isa = PBXFileReference; fileEncoding = 4; lastKnownFileType = text.plist.xml; path = players.plist; sourceTree = "<group>"; };
		69C484791218BFC300089898 /* blackplayer.png */ = {isa = PBXFileReference; lastKnownFileType = image.png; path = blackplayer.png; sourceTree = "<group>"; };
		69C4847A1218BFC300089898 /* redplayer.png */ = {isa = PBXFileReference; lastKnownFileType = image.png; path = redplayer.png; sourceTree = "<group>"; };
		69C4850A1218F8DE00089898 /* checkerboard.png */ = {isa = PBXFileReference; lastKnownFileType = image.png; path = checkerboard.png; sourceTree = "<group>"; };
		69D353831257C6FF002E2FB9 /* MediaPlayer.framework */ = {isa = PBXFileReference; lastKnownFileType = wrapper.framework; name = MediaPlayer.framework; path = System/Library/Frameworks/MediaPlayer.framework; sourceTree = SDKROOT; };
		69F9E015126BC41B0025491A /* WaitingAlertView.h */ = {isa = PBXFileReference; fileEncoding = 4; lastKnownFileType = sourcecode.c.h; path = WaitingAlertView.h; sourceTree = "<group>"; };
		69F9E016126BC41B0025491A /* WaitingAlertView.m */ = {isa = PBXFileReference; fileEncoding = 4; lastKnownFileType = sourcecode.c.objc; path = WaitingAlertView.m; sourceTree = "<group>"; };
		8D1107310486CEB800E47090 /* Chess-Info.plist */ = {isa = PBXFileReference; fileEncoding = 4; lastKnownFileType = text.plist.xml; path = "Chess-Info.plist"; plistStructureDefinitionIdentifier = "com.apple.xcode.plist.structure-definition.iphone.info-plist"; sourceTree = "<group>"; };
		AA5A02782E1995000080DAFC /* ChessEngine-ObjC */ = {isa = PBXFileReference; explicitFileType = "compiled.mach-o.executable"; includeInIndex = 0; path = "ChessEngine-ObjC"; sourceTree = BUILT_PRODUCTS_DIR; };
		AA6D359C179053C40059A4EA /* checkmark20x14.png */ = {isa = PBXFileReference; lastKnownFileType = image.png; path = checkmark20x14.png; sourceTree = "<group>"; };
		AA6D359D179053C40059A4EA /* checkmark40x28.png */ = {isa = PBXFileReference; lastKnownFileType = image.png; path = checkmark40x28.png; sourceTree = "<group>"; };
		AA6D35A017906A110059A4EA /* TimerDetailController.h */ = {isa = PBXFileReference; fileEncoding = 4; lastKnownFileType = sourcecode.c.h; path = TimerDetailController.h; sourceTree = "<group>"; };
		AA6D35A117906A110059A4EA /* TimerDetailController.m */ = {isa = PBXFileReference; fileEncoding = 4; lastKnownFileType = sourcecode.c.objc; path = TimerDetailController.m; sourceTree = "<group>"; };
		AADF04C0178F89BE00A54608 /* TimerSettingsController.h */ = {isa = PBXFileReference; fileEncoding = 4; lastKnownFileType = sourcecode.c.h; path = TimerSettingsController.h; sourceTree = "<group>"; };
		AADF04C1178F89BE00A54608 /* TimerSettingsController.m */ = {isa = PBXFileReference; fileEncoding = 4; lastKnownFileType = sourcecode.c.objc; path = TimerSettingsController.m; sourceTree = "<group>"; };
		AADF04C3178F8B2700A54608 /* TimerModel.h */ = {isa = PBXFileReference; fileEncoding = 4; lastKnownFileType = sourcecode.c.h; path = TimerModel.h; sourceTree = "<group>"; };
		AADF04C4178F8B2700A54608 /* TimerModel.m */ = {isa = PBXFileReference; fileEncoding = 4; lastKnownFileType = sourcecode.c.objc; path = TimerModel.m; sourceTree = "<group>"; };
		AAEDD02A2E17112300A90C54 /* ChessEngine */ = {isa = PBXFileReference; explicitFileType = "compiled.mach-o.executable"; includeInIndex = 0; path = ChessEngine; sourceTree = BUILT_PRODUCTS_DIR; };
/* End PBXFileReference section */

/* Begin PBXFileSystemSynchronizedRootGroup section */
		AAEDD02B2E17112300A90C54 /* ChessEngine */ = {isa = PBXFileSystemSynchronizedRootGroup; explicitFileTypes = {}; explicitFolders = (); path = ChessEngine; sourceTree = "<group>"; };
/* End PBXFileSystemSynchronizedRootGroup section */

/* Begin PBXFrameworksBuildPhase section */
		1D60588F0D05DD3D006BFB54 /* Frameworks */ = {
			isa = PBXFrameworksBuildPhase;
			buildActionMask = 2147483647;
			files = (
				1D60589F0D05DD5A006BFB54 /* Foundation.framework in Frameworks */,
				1DF5F4E00D08C38300B7A737 /* UIKit.framework in Frameworks */,
				288765A50DF7441C002DB57D /* CoreGraphics.framework in Frameworks */,
				69C483AF1218A87E00089898 /* QuartzCore.framework in Frameworks */,
				69D353841257C6FF002E2FB9 /* MediaPlayer.framework in Frameworks */,
				690A3C811262310D00E1173B /* GameKit.framework in Frameworks */,
				690A3D921262466B00E1173B /* CoreAudio.framework in Frameworks */,
				690A3D981262467500E1173B /* AVFoundation.framework in Frameworks */,
				690A3DA01262468E00E1173B /* AudioToolbox.framework in Frameworks */,
			);
			runOnlyForDeploymentPostprocessing = 0;
		};
		AA5A02752E1995000080DAFC /* Frameworks */ = {
			isa = PBXFrameworksBuildPhase;
			buildActionMask = 2147483647;
			files = (
			);
			runOnlyForDeploymentPostprocessing = 0;
		};
		AAEDD0272E17112300A90C54 /* Frameworks */ = {
			isa = PBXFrameworksBuildPhase;
			buildActionMask = 2147483647;
			files = (
			);
			runOnlyForDeploymentPostprocessing = 0;
		};
/* End PBXFrameworksBuildPhase section */

/* Begin PBXGroup section */
		080E96DDFE201D6D7F000001 /* Classes */ = {
			isa = PBXGroup;
			children = (
				690A3D0212623DFF00E1173B /* GameKit Support */,
				69D353ED1257D190002E2FB9 /* Settings */,
				690E511D123420C900DC1CED /* User Agent */,
				6942F9CF1220971B002E59B5 /* ChessBoard.h */,
				6942F9D01220971B002E59B5 /* ChessBoard.m */,
				6942F9D212209736002E59B5 /* ChessMoveGenerator.h */,
				6942F9D312209736002E59B5 /* ChessMoveGenerator.m */,
				6942F9D512209743002E59B5 /* ChessPlayerAI.h */,
				6942F9D612209743002E59B5 /* ChessPlayerAI.m */,
				6942F9DE122097EA002E59B5 /* ChessPlayer.h */,
				6942F9DF122097EA002E59B5 /* ChessPlayer.m */,
				6942FA2212209E99002E59B5 /* ChessHistoryTable.h */,
				6942FA2312209E99002E59B5 /* ChessHistoryTable.m */,
				6942FA7C1220A629002E59B5 /* ChessMove.h */,
				6942FA7D1220A629002E59B5 /* ChessMove.m */,
				6942FDE31221E574002E59B5 /* ChessMoveList.h */,
				6942FDE41221E574002E59B5 /* ChessMoveList.m */,
				699CF5561229BA430054F0B2 /* ChessTranspositionTable.h */,
				699CF5571229BA430054F0B2 /* ChessTranspositionTable.m */,
				699CF60C1229D0790054F0B2 /* ChessTTEntry.h */,
				699CF60D1229D0790054F0B2 /* ChessTTEntry.m */,
				AADF04C3178F8B2700A54608 /* TimerModel.h */,
				AADF04C4178F8B2700A54608 /* TimerModel.m */,
			);
			path = Classes;
			sourceTree = "<group>";
		};
		19C28FACFE9D520D11CA2CBB /* Products */ = {
			isa = PBXGroup;
			children = (
				1D6058910D05DD3D006BFB54 /* Chess Friends.app */,
				AAEDD02A2E17112300A90C54 /* ChessEngine */,
				AA5A02782E1995000080DAFC /* ChessEngine-ObjC */,
			);
			name = Products;
			sourceTree = "<group>";
		};
		29B97314FDCFA39411CA2CEA /* CustomTemplate */ = {
			isa = PBXGroup;
			children = (
				69B6A6EE17889B0500A56015 /* Storyboard_ipad.storyboard */,
				69B6A6F017889B1600A56015 /* Storyboard_iphone.storyboard */,
				69357758164715F600BEE7BC /* Default-568h@2x.png */,
				080E96DDFE201D6D7F000001 /* Classes */,
				29B97315FDCFA39411CA2CEA /* Other Sources */,
				29B97317FDCFA39411CA2CEA /* Resources */,
				69C4838D12189F2400089898 /* Resources-iPad */,
				AAEDD02B2E17112300A90C54 /* ChessEngine */,
				29B97323FDCFA39411CA2CEA /* Frameworks */,
				19C28FACFE9D520D11CA2CBB /* Products */,
			);
			name = CustomTemplate;
			sourceTree = "<group>";
		};
		29B97315FDCFA39411CA2CEA /* Other Sources */ = {
			isa = PBXGroup;
			children = (
				32CA4F630368D1EE00C91783 /* Chess_Prefix.pch */,
				29B97316FDCFA39411CA2CEA /* main.m */,
			);
			name = "Other Sources";
			sourceTree = "<group>";
		};
		29B97317FDCFA39411CA2CEA /* Resources */ = {
			isa = PBXGroup;
			children = (
				692653C31220565300D527C5 /* Checkers */,
				692653C21220563000D527C5 /* Chess */,
				69C4850A1218F8DE00089898 /* checkerboard.png */,
				69C4839B1218A3FF00089898 /* leather.jpeg */,
				69C4839A1218A3EF00089898 /* images */,
				2899E5210DE3E06400AC0155 /* ChessMailViewController.xib */,
				6957BDB0127114A6001630F6 /* ChessMailViewController-iPad.xib */,
				28AD733E0D9D9553002E5188 /* MainWindow.xib */,
				8D1107310486CEB800E47090 /* Chess-Info.plist */,
				69C484271218B0DD00089898 /* players.plist */,
			);
			name = Resources;
			sourceTree = "<group>";
		};
		29B97323FDCFA39411CA2CEA /* Frameworks */ = {
			isa = PBXGroup;
			children = (
				1DF5F4DF0D08C38300B7A737 /* UIKit.framework */,
				1D30AB110D05D00D00671497 /* Foundation.framework */,
				288765A40DF7441C002DB57D /* CoreGraphics.framework */,
				69C483AE1218A87E00089898 /* QuartzCore.framework */,
				69D353831257C6FF002E2FB9 /* MediaPlayer.framework */,
				690A3C801262310D00E1173B /* GameKit.framework */,
				690A3D911262466B00E1173B /* CoreAudio.framework */,
				690A3D971262467500E1173B /* AVFoundation.framework */,
				690A3D9F1262468E00E1173B /* AudioToolbox.framework */,
			);
			name = Frameworks;
			sourceTree = "<group>";
		};
		690A3D0212623DFF00E1173B /* GameKit Support */ = {
			isa = PBXGroup;
			children = (
				690A3D0912623E8100E1173B /* Picker.h */,
				690A3D0A12623E8100E1173B /* Picker.m */,
				690A3D0312623E0000E1173B /* BrowserViewController.h */,
				690A3D0412623E0000E1173B /* BrowserViewController.m */,
				690A3D0512623E0000E1173B /* TCPServer.h */,
				690A3D0612623E0000E1173B /* TCPServer.m */,
			);
			name = "GameKit Support";
			sourceTree = "<group>";
		};
		690E511D123420C900DC1CED /* User Agent */ = {
			isa = PBXGroup;
			children = (
				1D3623240D0F684500981E51 /* AppDelegate.h */,
				1D3623250D0F684500981E51 /* AppDelegate.m */,
				6942FA6A1220A569002E59B5 /* ChessPieceLayer.h */,
				6942FA6B1220A569002E59B5 /* ChessPieceLayer.m */,
				690E50EB123417E600DC1CED /* SquareLayer.h */,
				690E50EC123417E600DC1CED /* SquareLayer.m */,
				28D7ACF60DDB3853001CB0EB /* ViewController.h */,
				28D7ACF70DDB3853001CB0EB /* ViewController.m */,
				6942FA2B12209F36002E59B5 /* ChessUserAgent.h */,
				69F9E015126BC41B0025491A /* WaitingAlertView.h */,
				69F9E016126BC41B0025491A /* WaitingAlertView.m */,
			);
			name = "User Agent";
			sourceTree = "<group>";
		};
		692653C21220563000D527C5 /* Chess */ = {
			isa = PBXGroup;
			children = (
				690E50F512341DB500DC1CED /* whiteRookImage.png */,
				690E50F612341DB500DC1CED /* whiteQueenImage.png */,
				690E50F712341DB500DC1CED /* whitePawnImage.png */,
				690E50F812341DB500DC1CED /* whiteKnightImage.png */,
				690E50F912341DB500DC1CED /* whiteKingImage.png */,
				690E50FA12341DB500DC1CED /* whiteBishopImage.png */,
				690E50FB12341DB500DC1CED /* blackRookImage.png */,
				690E50FC12341DB500DC1CED /* blackQueenImage.png */,
				690E50FD12341DB500DC1CED /* blackPawnImage.png */,
				690E50FE12341DB500DC1CED /* blackKnightImage.png */,
				690E50FF12341DB500DC1CED /* blackKingImage.png */,
				690E510012341DB500DC1CED /* blackBishopImage.png */,
			);
			name = Chess;
			sourceTree = "<group>";
		};
		692653C31220565300D527C5 /* Checkers */ = {
			isa = PBXGroup;
			children = (
				69C484791218BFC300089898 /* blackplayer.png */,
				69C4847A1218BFC300089898 /* redplayer.png */,
			);
			name = Checkers;
			sourceTree = "<group>";
		};
		69C4838D12189F2400089898 /* Resources-iPad */ = {
			isa = PBXGroup;
			children = (
				69C4838E12189F2500089898 /* MainWindow-iPad.xib */,
			);
			name = "Resources-iPad";
			sourceTree = "<group>";
		};
		69C4839A1218A3EF00089898 /* images */ = {
			isa = PBXGroup;
			children = (
				AA6D359C179053C40059A4EA /* checkmark20x14.png */,
				AA6D359D179053C40059A4EA /* checkmark40x28.png */,
				693018E0178E6A3B0089CDB4 /* timer20x20.png */,
				693018E1178E6A3B0089CDB4 /* timer40x40.png */,
				6935775E16472D7F00BEE7BC /* icon@2x.png */,
				6935775F16472D7F00BEE7BC /* icon-72.png */,
				6935776016472D7F00BEE7BC /* icon-small@2x.png */,
				6935776116472D7F00BEE7BC /* icon.png */,
				6935776216472D7F00BEE7BC /* icon-small-50.png */,
				6935776316472D8000BEE7BC /* icon-small.png */,
				690A3D1B1262453C00E1173B /* bg.png */,
				690A3CE412623A2E00E1173B /* clearButton.png */,
				690A3CE2126239C900E1173B /* blackButton.png */,
				690A3BEF1262164500E1173B /* UIButtonBarRevert.png */,
				690A3BE6126215CF00E1173B /* UIButtonBarPlay.png */,
			);
			name = images;
			sourceTree = "<group>";
		};
		69D353ED1257D190002E2FB9 /* Settings */ = {
			isa = PBXGroup;
			children = (
				690A39ED125FEEFC00E1173B /* Settings.plist */,
				AADF04C0178F89BE00A54608 /* TimerSettingsController.h */,
				AADF04C1178F89BE00A54608 /* TimerSettingsController.m */,
				AA6D35A017906A110059A4EA /* TimerDetailController.h */,
				AA6D35A117906A110059A4EA /* TimerDetailController.m */,
			);
			name = Settings;
			sourceTree = "<group>";
		};
/* End PBXGroup section */

/* Begin PBXNativeTarget section */
		1D6058900D05DD3D006BFB54 /* Chess */ = {
			isa = PBXNativeTarget;
			buildConfigurationList = 1D6058960D05DD3E006BFB54 /* Build configuration list for PBXNativeTarget "Chess" */;
			buildPhases = (
				1D60588D0D05DD3D006BFB54 /* Resources */,
				1D60588E0D05DD3D006BFB54 /* Sources */,
				1D60588F0D05DD3D006BFB54 /* Frameworks */,
			);
			buildRules = (
			);
			dependencies = (
			);
			name = Chess;
			productName = ChessMail;
			productReference = 1D6058910D05DD3D006BFB54 /* Chess Friends.app */;
			productType = "com.apple.product-type.application";
		};
		AA5A02772E1995000080DAFC /* ChessEngine-ObjC */ = {
			isa = PBXNativeTarget;
			buildConfigurationList = AA5A027E2E1995000080DAFC /* Build configuration list for PBXNativeTarget "ChessEngine-ObjC" */;
			buildPhases = (
				AA5A02742E1995000080DAFC /* Sources */,
				AA5A02752E1995000080DAFC /* Frameworks */,
				AA5A02762E1995000080DAFC /* CopyFiles */,
			);
			buildRules = (
			);
			dependencies = (
			);
			name = "ChessEngine-ObjC";
			packageProductDependencies = (
			);
			productName = "ChessEngine-ObjC";
			productReference = AA5A02782E1995000080DAFC /* ChessEngine-ObjC */;
			productType = "com.apple.product-type.tool";
		};
		AAEDD0292E17112300A90C54 /* ChessEngine */ = {
			isa = PBXNativeTarget;
			buildConfigurationList = AAEDD02E2E17112300A90C54 /* Build configuration list for PBXNativeTarget "ChessEngine" */;
			buildPhases = (
				AAEDD0262E17112300A90C54 /* Sources */,
				AAEDD0272E17112300A90C54 /* Frameworks */,
				AAEDD0282E17112300A90C54 /* CopyFiles */,
			);
			buildRules = (
			);
			dependencies = (
			);
			fileSystemSynchronizedGroups = (
				AAEDD02B2E17112300A90C54 /* ChessEngine */,
			);
			name = ChessEngine;
			packageProductDependencies = (
			);
			productName = ChessEngine;
			productReference = AAEDD02A2E17112300A90C54 /* ChessEngine */;
			productType = "com.apple.product-type.tool";
		};
/* End PBXNativeTarget section */

/* Begin PBXProject section */
		29B97313FDCFA39411CA2CEA /* Project object */ = {
			isa = PBXProject;
			attributes = {
				LastSwiftUpdateCheck = 1640;
				LastUpgradeCheck = 0420;
				TargetAttributes = {
					AA5A02772E1995000080DAFC = {
						CreatedOnToolsVersion = 16.4;
					};
					AAEDD0292E17112300A90C54 = {
						CreatedOnToolsVersion = 16.4;
						LastSwiftMigration = 1640;
					};
				};
			};
			buildConfigurationList = C01FCF4E08A954540054247B /* Build configuration list for PBXProject "Chess" */;
			compatibilityVersion = "Xcode 3.2";
			developmentRegion = English;
			hasScannedForEncodings = 1;
			knownRegions = (
				English,
				Japanese,
				French,
				German,
			);
			mainGroup = 29B97314FDCFA39411CA2CEA /* CustomTemplate */;
			projectDirPath = "";
			projectRoot = "";
			targets = (
				1D6058900D05DD3D006BFB54 /* Chess */,
				AAEDD0292E17112300A90C54 /* ChessEngine */,
				AA5A02772E1995000080DAFC /* ChessEngine-ObjC */,
			);
		};
/* End PBXProject section */

/* Begin PBXResourcesBuildPhase section */
		1D60588D0D05DD3D006BFB54 /* Resources */ = {
			isa = PBXResourcesBuildPhase;
			buildActionMask = 2147483647;
			files = (
				28AD733F0D9D9553002E5188 /* MainWindow.xib in Resources */,
				2899E5220DE3E06400AC0155 /* ChessMailViewController.xib in Resources */,
				69C4838F12189F2500089898 /* MainWindow-iPad.xib in Resources */,
				69C4839C1218A3FF00089898 /* leather.jpeg in Resources */,
				69C484281218B0DD00089898 /* players.plist in Resources */,
				69C4847B1218BFC300089898 /* blackplayer.png in Resources */,
				69C4847C1218BFC300089898 /* redplayer.png in Resources */,
				69C4850B1218F8DE00089898 /* checkerboard.png in Resources */,
				690E510112341DB500DC1CED /* whiteRookImage.png in Resources */,
				690E510212341DB500DC1CED /* whiteQueenImage.png in Resources */,
				690E510312341DB500DC1CED /* whitePawnImage.png in Resources */,
				690E510412341DB500DC1CED /* whiteKnightImage.png in Resources */,
				690E510512341DB500DC1CED /* whiteKingImage.png in Resources */,
				690E510612341DB500DC1CED /* whiteBishopImage.png in Resources */,
				690E510712341DB500DC1CED /* blackRookImage.png in Resources */,
				690E510812341DB500DC1CED /* blackQueenImage.png in Resources */,
				690E510912341DB500DC1CED /* blackPawnImage.png in Resources */,
				690E510A12341DB500DC1CED /* blackKnightImage.png in Resources */,
				690E510B12341DB500DC1CED /* blackKingImage.png in Resources */,
				690E510C12341DB500DC1CED /* blackBishopImage.png in Resources */,
				690A39EE125FEEFC00E1173B /* Settings.plist in Resources */,
				690A3BE7126215CF00E1173B /* UIButtonBarPlay.png in Resources */,
				690A3BF01262164500E1173B /* UIButtonBarRevert.png in Resources */,
				690A3CE3126239C900E1173B /* blackButton.png in Resources */,
				690A3CE512623A2E00E1173B /* clearButton.png in Resources */,
				690A3D1C1262453C00E1173B /* bg.png in Resources */,
				6957BDB1127114A6001630F6 /* ChessMailViewController-iPad.xib in Resources */,
				69357759164715F600BEE7BC /* Default-568h@2x.png in Resources */,
				6935776416472D8000BEE7BC /* icon@2x.png in Resources */,
				6935776516472D8000BEE7BC /* icon-72.png in Resources */,
				6935776616472D8000BEE7BC /* icon-small@2x.png in Resources */,
				6935776716472D8000BEE7BC /* icon.png in Resources */,
				6935776816472D8000BEE7BC /* icon-small-50.png in Resources */,
				6935776916472D8000BEE7BC /* icon-small.png in Resources */,
				69B6A6EF17889B0500A56015 /* Storyboard_ipad.storyboard in Resources */,
				69B6A6F117889B1600A56015 /* Storyboard_iphone.storyboard in Resources */,
				693018E2178E6A3B0089CDB4 /* timer20x20.png in Resources */,
				693018E3178E6A3B0089CDB4 /* timer40x40.png in Resources */,
				AA6D359E179053C40059A4EA /* checkmark20x14.png in Resources */,
				AA6D359F179053C40059A4EA /* checkmark40x28.png in Resources */,
			);
			runOnlyForDeploymentPostprocessing = 0;
		};
/* End PBXResourcesBuildPhase section */

/* Begin PBXSourcesBuildPhase section */
		1D60588E0D05DD3D006BFB54 /* Sources */ = {
			isa = PBXSourcesBuildPhase;
			buildActionMask = 2147483647;
			files = (
				1D60589B0D05DD56006BFB54 /* main.m in Sources */,
				1D3623260D0F684500981E51 /* AppDelegate.m in Sources */,
				28D7ACF80DDB3853001CB0EB /* ViewController.m in Sources */,
				6942F9D11220971B002E59B5 /* ChessBoard.m in Sources */,
				6942F9D412209736002E59B5 /* ChessMoveGenerator.m in Sources */,
				6942F9D712209743002E59B5 /* ChessPlayerAI.m in Sources */,
				6942F9E0122097EA002E59B5 /* ChessPlayer.m in Sources */,
				6942FA2412209E99002E59B5 /* ChessHistoryTable.m in Sources */,
				6942FA6C1220A569002E59B5 /* ChessPieceLayer.m in Sources */,
				6942FA7E1220A629002E59B5 /* ChessMove.m in Sources */,
				6942FDE51221E574002E59B5 /* ChessMoveList.m in Sources */,
				699CF5581229BA430054F0B2 /* ChessTranspositionTable.m in Sources */,
				699CF60E1229D0790054F0B2 /* ChessTTEntry.m in Sources */,
				690E50ED123417E600DC1CED /* SquareLayer.m in Sources */,
				690A3D0712623E0000E1173B /* BrowserViewController.m in Sources */,
				690A3D0812623E0000E1173B /* TCPServer.m in Sources */,
				690A3D0B12623E8100E1173B /* Picker.m in Sources */,
				69F9E017126BC41B0025491A /* WaitingAlertView.m in Sources */,
				AADF04C2178F89BE00A54608 /* TimerSettingsController.m in Sources */,
				AADF04C5178F8B2700A54608 /* TimerModel.m in Sources */,
				AA6D35A217906A110059A4EA /* TimerDetailController.m in Sources */,
			);
			runOnlyForDeploymentPostprocessing = 0;
		};
		AA5A02742E1995000080DAFC /* Sources */ = {
			isa = PBXSourcesBuildPhase;
			buildActionMask = 2147483647;
			files = (
			);
			runOnlyForDeploymentPostprocessing = 0;
		};
		AAEDD0262E17112300A90C54 /* Sources */ = {
			isa = PBXSourcesBuildPhase;
			buildActionMask = 2147483647;
			files = (
			);
			runOnlyForDeploymentPostprocessing = 0;
		};
/* End PBXSourcesBuildPhase section */

/* Begin XCBuildConfiguration section */
		1D6058940D05DD3E006BFB54 /* Debug */ = {
			isa = XCBuildConfiguration;
			buildSettings = {
				ALWAYS_SEARCH_USER_PATHS = NO;
				ARCHS = "$(ARCHS_STANDARD)";
				COPY_PHASE_STRIP = NO;
				DEVELOPMENT_TEAM = MSJ6KMGCMB;
				GCC_DYNAMIC_NO_PIC = NO;
				GCC_OPTIMIZATION_LEVEL = 0;
				GCC_PRECOMPILE_PREFIX_HEADER = YES;
				GCC_PREFIX_HEADER = Chess_Prefix.pch;
				GCC_VERSION = com.apple.compilers.llvm.clang.1_0;
				INFOPLIST_FILE = "Chess-Info.plist";
				IPHONEOS_DEPLOYMENT_TARGET = 15.6;
				PRODUCT_NAME = "Chess Friends";
				SDKROOT = iphoneos;
				TARGETED_DEVICE_FAMILY = "1,2";
			};
			name = Debug;
		};
		1D6058950D05DD3E006BFB54 /* Release */ = {
			isa = XCBuildConfiguration;
			buildSettings = {
				ALWAYS_SEARCH_USER_PATHS = NO;
				ARCHS = "$(ARCHS_STANDARD)";
				COPY_PHASE_STRIP = YES;
				DEVELOPMENT_TEAM = MSJ6KMGCMB;
				GCC_PRECOMPILE_PREFIX_HEADER = YES;
				GCC_PREFIX_HEADER = Chess_Prefix.pch;
				GCC_VERSION = com.apple.compilers.llvm.clang.1_0;
				INFOPLIST_FILE = "Chess-Info.plist";
				IPHONEOS_DEPLOYMENT_TARGET = 15.6;
				PRODUCT_NAME = "Chess Friends";
				SDKROOT = iphoneos;
				TARGETED_DEVICE_FAMILY = "1,2";
				VALIDATE_PRODUCT = YES;
			};
			name = Release;
		};
		AA5A027C2E1995000080DAFC /* Debug */ = {
			isa = XCBuildConfiguration;
			buildSettings = {
				ALWAYS_SEARCH_USER_PATHS = NO;
				ASSETCATALOG_COMPILER_GENERATE_SWIFT_ASSET_SYMBOL_EXTENSIONS = YES;
				CLANG_ANALYZER_NONNULL = YES;
				CLANG_ANALYZER_NUMBER_OBJECT_CONVERSION = YES_AGGRESSIVE;
				CLANG_CXX_LANGUAGE_STANDARD = "gnu++20";
				CLANG_ENABLE_MODULES = YES;
				CLANG_ENABLE_OBJC_ARC = YES;
				CLANG_ENABLE_OBJC_WEAK = YES;
				CLANG_WARN_BLOCK_CAPTURE_AUTORELEASING = YES;
				CLANG_WARN_BOOL_CONVERSION = YES;
				CLANG_WARN_COMMA = YES;
				CLANG_WARN_CONSTANT_CONVERSION = YES;
				CLANG_WARN_DEPRECATED_OBJC_IMPLEMENTATIONS = YES;
				CLANG_WARN_DIRECT_OBJC_ISA_USAGE = YES_ERROR;
				CLANG_WARN_DOCUMENTATION_COMMENTS = YES;
				CLANG_WARN_EMPTY_BODY = YES;
				CLANG_WARN_ENUM_CONVERSION = YES;
				CLANG_WARN_INFINITE_RECURSION = YES;
				CLANG_WARN_INT_CONVERSION = YES;
				CLANG_WARN_NON_LITERAL_NULL_CONVERSION = YES;
				CLANG_WARN_OBJC_IMPLICIT_RETAIN_SELF = YES;
				CLANG_WARN_OBJC_LITERAL_CONVERSION = YES;
				CLANG_WARN_OBJC_ROOT_CLASS = YES_ERROR;
				CLANG_WARN_QUOTED_INCLUDE_IN_FRAMEWORK_HEADER = YES;
				CLANG_WARN_RANGE_LOOP_ANALYSIS = YES;
				CLANG_WARN_STRICT_PROTOTYPES = YES;
				CLANG_WARN_SUSPICIOUS_MOVE = YES;
				CLANG_WARN_UNGUARDED_AVAILABILITY = YES_AGGRESSIVE;
				CLANG_WARN_UNREACHABLE_CODE = YES;
				CLANG_WARN__DUPLICATE_METHOD_MATCH = YES;
				CODE_SIGN_STYLE = Automatic;
				COPY_PHASE_STRIP = NO;
				DEBUG_INFORMATION_FORMAT = dwarf;
				DEVELOPMENT_TEAM = MSJ6KMGCMB;
				ENABLE_HARDENED_RUNTIME = YES;
				ENABLE_STRICT_OBJC_MSGSEND = YES;
				ENABLE_TESTABILITY = YES;
				ENABLE_USER_SCRIPT_SANDBOXING = YES;
				GCC_C_LANGUAGE_STANDARD = gnu17;
				GCC_DYNAMIC_NO_PIC = NO;
				GCC_NO_COMMON_BLOCKS = YES;
				GCC_OPTIMIZATION_LEVEL = 0;
				GCC_PREPROCESSOR_DEFINITIONS = (
					"DEBUG=1",
					"$(inherited)",
				);
				GCC_WARN_64_TO_32_BIT_CONVERSION = YES;
				GCC_WARN_ABOUT_RETURN_TYPE = YES_ERROR;
				GCC_WARN_UNDECLARED_SELECTOR = YES;
				GCC_WARN_UNINITIALIZED_AUTOS = YES_AGGRESSIVE;
				GCC_WARN_UNUSED_FUNCTION = YES;
				LOCALIZATION_PREFERS_STRING_CATALOGS = YES;
				MACOSX_DEPLOYMENT_TARGET = 15.5;
				MTL_ENABLE_DEBUG_INFO = INCLUDE_SOURCE;
				MTL_FAST_MATH = YES;
				ONLY_ACTIVE_ARCH = YES;
				PRODUCT_NAME = "$(TARGET_NAME)";
				SDKROOT = macosx;
			};
			name = Debug;
		};
		AA5A027D2E1995000080DAFC /* Release */ = {
			isa = XCBuildConfiguration;
			buildSettings = {
				ALWAYS_SEARCH_USER_PATHS = NO;
				ASSETCATALOG_COMPILER_GENERATE_SWIFT_ASSET_SYMBOL_EXTENSIONS = YES;
				CLANG_ANALYZER_NONNULL = YES;
				CLANG_ANALYZER_NUMBER_OBJECT_CONVERSION = YES_AGGRESSIVE;
				CLANG_CXX_LANGUAGE_STANDARD = "gnu++20";
				CLANG_ENABLE_MODULES = YES;
				CLANG_ENABLE_OBJC_ARC = YES;
				CLANG_ENABLE_OBJC_WEAK = YES;
				CLANG_WARN_BLOCK_CAPTURE_AUTORELEASING = YES;
				CLANG_WARN_BOOL_CONVERSION = YES;
				CLANG_WARN_COMMA = YES;
				CLANG_WARN_CONSTANT_CONVERSION = YES;
				CLANG_WARN_DEPRECATED_OBJC_IMPLEMENTATIONS = YES;
				CLANG_WARN_DIRECT_OBJC_ISA_USAGE = YES_ERROR;
				CLANG_WARN_DOCUMENTATION_COMMENTS = YES;
				CLANG_WARN_EMPTY_BODY = YES;
				CLANG_WARN_ENUM_CONVERSION = YES;
				CLANG_WARN_INFINITE_RECURSION = YES;
				CLANG_WARN_INT_CONVERSION = YES;
				CLANG_WARN_NON_LITERAL_NULL_CONVERSION = YES;
				CLANG_WARN_OBJC_IMPLICIT_RETAIN_SELF = YES;
				CLANG_WARN_OBJC_LITERAL_CONVERSION = YES;
				CLANG_WARN_OBJC_ROOT_CLASS = YES_ERROR;
				CLANG_WARN_QUOTED_INCLUDE_IN_FRAMEWORK_HEADER = YES;
				CLANG_WARN_RANGE_LOOP_ANALYSIS = YES;
				CLANG_WARN_STRICT_PROTOTYPES = YES;
				CLANG_WARN_SUSPICIOUS_MOVE = YES;
				CLANG_WARN_UNGUARDED_AVAILABILITY = YES_AGGRESSIVE;
				CLANG_WARN_UNREACHABLE_CODE = YES;
				CLANG_WARN__DUPLICATE_METHOD_MATCH = YES;
				CODE_SIGN_STYLE = Automatic;
				COPY_PHASE_STRIP = NO;
				DEBUG_INFORMATION_FORMAT = "dwarf-with-dsym";
				DEVELOPMENT_TEAM = MSJ6KMGCMB;
				ENABLE_HARDENED_RUNTIME = YES;
				ENABLE_NS_ASSERTIONS = NO;
				ENABLE_STRICT_OBJC_MSGSEND = YES;
				ENABLE_USER_SCRIPT_SANDBOXING = YES;
				GCC_C_LANGUAGE_STANDARD = gnu17;
				GCC_NO_COMMON_BLOCKS = YES;
				GCC_WARN_64_TO_32_BIT_CONVERSION = YES;
				GCC_WARN_ABOUT_RETURN_TYPE = YES_ERROR;
				GCC_WARN_UNDECLARED_SELECTOR = YES;
				GCC_WARN_UNINITIALIZED_AUTOS = YES_AGGRESSIVE;
				GCC_WARN_UNUSED_FUNCTION = YES;
				LOCALIZATION_PREFERS_STRING_CATALOGS = YES;
				MACOSX_DEPLOYMENT_TARGET = 15.5;
				MTL_ENABLE_DEBUG_INFO = NO;
				MTL_FAST_MATH = YES;
				PRODUCT_NAME = "$(TARGET_NAME)";
				SDKROOT = macosx;
			};
			name = Release;
		};
		AAEDD02F2E17112300A90C54 /* Debug */ = {
			isa = XCBuildConfiguration;
			buildSettings = {
				ALWAYS_SEARCH_USER_PATHS = NO;
				ARCHS = "$(ARCHS_STANDARD)";
				ASSETCATALOG_COMPILER_GENERATE_SWIFT_ASSET_SYMBOL_EXTENSIONS = YES;
				CLANG_ANALYZER_NONNULL = YES;
				CLANG_ANALYZER_NUMBER_OBJECT_CONVERSION = YES_AGGRESSIVE;
				CLANG_CXX_LANGUAGE_STANDARD = "gnu++20";
				CLANG_ENABLE_MODULES = YES;
				CLANG_ENABLE_OBJC_ARC = YES;
				CLANG_ENABLE_OBJC_WEAK = YES;
				CLANG_WARN_BLOCK_CAPTURE_AUTORELEASING = YES;
				CLANG_WARN_BOOL_CONVERSION = YES;
				CLANG_WARN_COMMA = YES;
				CLANG_WARN_CONSTANT_CONVERSION = YES;
				CLANG_WARN_DEPRECATED_OBJC_IMPLEMENTATIONS = YES;
				CLANG_WARN_DIRECT_OBJC_ISA_USAGE = YES_ERROR;
				CLANG_WARN_DOCUMENTATION_COMMENTS = YES;
				CLANG_WARN_EMPTY_BODY = YES;
				CLANG_WARN_ENUM_CONVERSION = YES;
				CLANG_WARN_INFINITE_RECURSION = YES;
				CLANG_WARN_INT_CONVERSION = YES;
				CLANG_WARN_NON_LITERAL_NULL_CONVERSION = YES;
				CLANG_WARN_OBJC_IMPLICIT_RETAIN_SELF = YES;
				CLANG_WARN_OBJC_LITERAL_CONVERSION = YES;
				CLANG_WARN_OBJC_ROOT_CLASS = YES_ERROR;
				CLANG_WARN_QUOTED_INCLUDE_IN_FRAMEWORK_HEADER = YES;
				CLANG_WARN_RANGE_LOOP_ANALYSIS = YES;
				CLANG_WARN_STRICT_PROTOTYPES = YES;
				CLANG_WARN_SUSPICIOUS_MOVE = YES;
				CLANG_WARN_UNGUARDED_AVAILABILITY = YES_AGGRESSIVE;
				CLANG_WARN_UNREACHABLE_CODE = YES;
				CLANG_WARN__DUPLICATE_METHOD_MATCH = YES;
				CODE_SIGN_STYLE = Automatic;
				COPY_PHASE_STRIP = NO;
				DEBUG_INFORMATION_FORMAT = dwarf;
				DEVELOPMENT_TEAM = MSJ6KMGCMB;
				ENABLE_HARDENED_RUNTIME = YES;
				ENABLE_STRICT_OBJC_MSGSEND = YES;
				ENABLE_TESTABILITY = YES;
				ENABLE_USER_SCRIPT_SANDBOXING = YES;
				GCC_C_LANGUAGE_STANDARD = gnu17;
				GCC_DYNAMIC_NO_PIC = NO;
				GCC_NO_COMMON_BLOCKS = YES;
				GCC_OPTIMIZATION_LEVEL = 0;
				GCC_PREPROCESSOR_DEFINITIONS = (
					"DEBUG=1",
					"$(inherited)",
				);
				GCC_WARN_64_TO_32_BIT_CONVERSION = YES;
				GCC_WARN_ABOUT_RETURN_TYPE = YES_ERROR;
				GCC_WARN_UNDECLARED_SELECTOR = YES;
				GCC_WARN_UNINITIALIZED_AUTOS = YES_AGGRESSIVE;
				GCC_WARN_UNUSED_FUNCTION = YES;
				LOCALIZATION_PREFERS_STRING_CATALOGS = YES;
				MACOSX_DEPLOYMENT_TARGET = 15.5;
				MTL_ENABLE_DEBUG_INFO = INCLUDE_SOURCE;
				MTL_FAST_MATH = YES;
				ONLY_ACTIVE_ARCH = YES;
				PRODUCT_NAME = "$(TARGET_NAME)";
				SDKROOT = macosx;
				SWIFT_ACTIVE_COMPILATION_CONDITIONS = "DEBUG $(inherited)";
				SWIFT_OBJC_BRIDGING_HEADER = "ChessEngine/ChessEngine-Bridging-Header.h";
				SWIFT_OPTIMIZATION_LEVEL = "-Onone";
				SWIFT_VERSION = 5.0;
			};
			name = Debug;
		};
		AAEDD0302E17112300A90C54 /* Release */ = {
			isa = XCBuildConfiguration;
			buildSettings = {
				ALWAYS_SEARCH_USER_PATHS = NO;
				ARCHS = "$(ARCHS_STANDARD)";
				ASSETCATALOG_COMPILER_GENERATE_SWIFT_ASSET_SYMBOL_EXTENSIONS = YES;
				CLANG_ANALYZER_NONNULL = YES;
				CLANG_ANALYZER_NUMBER_OBJECT_CONVERSION = YES_AGGRESSIVE;
				CLANG_CXX_LANGUAGE_STANDARD = "gnu++20";
				CLANG_ENABLE_MODULES = YES;
				CLANG_ENABLE_OBJC_ARC = YES;
				CLANG_ENABLE_OBJC_WEAK = YES;
				CLANG_WARN_BLOCK_CAPTURE_AUTORELEASING = YES;
				CLANG_WARN_BOOL_CONVERSION = YES;
				CLANG_WARN_COMMA = YES;
				CLANG_WARN_CONSTANT_CONVERSION = YES;
				CLANG_WARN_DEPRECATED_OBJC_IMPLEMENTATIONS = YES;
				CLANG_WARN_DIRECT_OBJC_ISA_USAGE = YES_ERROR;
				CLANG_WARN_DOCUMENTATION_COMMENTS = YES;
				CLANG_WARN_EMPTY_BODY = YES;
				CLANG_WARN_ENUM_CONVERSION = YES;
				CLANG_WARN_INFINITE_RECURSION = YES;
				CLANG_WARN_INT_CONVERSION = YES;
				CLANG_WARN_NON_LITERAL_NULL_CONVERSION = YES;
				CLANG_WARN_OBJC_IMPLICIT_RETAIN_SELF = YES;
				CLANG_WARN_OBJC_LITERAL_CONVERSION = YES;
				CLANG_WARN_OBJC_ROOT_CLASS = YES_ERROR;
				CLANG_WARN_QUOTED_INCLUDE_IN_FRAMEWORK_HEADER = YES;
				CLANG_WARN_RANGE_LOOP_ANALYSIS = YES;
				CLANG_WARN_STRICT_PROTOTYPES = YES;
				CLANG_WARN_SUSPICIOUS_MOVE = YES;
				CLANG_WARN_UNGUARDED_AVAILABILITY = YES_AGGRESSIVE;
				CLANG_WARN_UNREACHABLE_CODE = YES;
				CLANG_WARN__DUPLICATE_METHOD_MATCH = YES;
				CODE_SIGN_STYLE = Automatic;
				COPY_PHASE_STRIP = NO;
				DEBUG_INFORMATION_FORMAT = "dwarf-with-dsym";
				DEVELOPMENT_TEAM = MSJ6KMGCMB;
				ENABLE_HARDENED_RUNTIME = YES;
				ENABLE_NS_ASSERTIONS = NO;
				ENABLE_STRICT_OBJC_MSGSEND = YES;
				ENABLE_USER_SCRIPT_SANDBOXING = YES;
				GCC_C_LANGUAGE_STANDARD = gnu17;
				GCC_NO_COMMON_BLOCKS = YES;
				GCC_WARN_64_TO_32_BIT_CONVERSION = YES;
				GCC_WARN_ABOUT_RETURN_TYPE = YES_ERROR;
				GCC_WARN_UNDECLARED_SELECTOR = YES;
				GCC_WARN_UNINITIALIZED_AUTOS = YES_AGGRESSIVE;
				GCC_WARN_UNUSED_FUNCTION = YES;
				LOCALIZATION_PREFERS_STRING_CATALOGS = YES;
				MACOSX_DEPLOYMENT_TARGET = 15.5;
				MTL_ENABLE_DEBUG_INFO = NO;
				MTL_FAST_MATH = YES;
				PRODUCT_NAME = "$(TARGET_NAME)";
				SDKROOT = macosx;
				SWIFT_COMPILATION_MODE = wholemodule;
				SWIFT_OBJC_BRIDGING_HEADER = "ChessEngine/ChessEngine-Bridging-Header.h";
				SWIFT_VERSION = 5.0;
			};
			name = Release;
		};
		C01FCF4F08A954540054247B /* Debug */ = {
			isa = XCBuildConfiguration;
			buildSettings = {
				ARCHS = "$(ARCHS_STANDARD_32_BIT)";
				CODE_SIGN_IDENTITY = "iPhone Developer";
				"CODE_SIGN_IDENTITY[sdk=iphoneos*]" = "iPhone Developer";
				GCC_C_LANGUAGE_STANDARD = c99;
				GCC_WARN_ABOUT_RETURN_TYPE = YES;
				GCC_WARN_UNUSED_VARIABLE = YES;
				IPHONEOS_DEPLOYMENT_TARGET = 15.6;
				PROVISIONING_PROFILE = "";
				"PROVISIONING_PROFILE[sdk=iphoneos*]" = "";
				SDKROOT = iphoneos;
			};
			name = Debug;
		};
		C01FCF5008A954540054247B /* Release */ = {
			isa = XCBuildConfiguration;
			buildSettings = {
				ARCHS = "$(ARCHS_STANDARD_32_BIT)";
				CODE_SIGN_IDENTITY = "iPhone Developer";
				"CODE_SIGN_IDENTITY[sdk=iphoneos*]" = "iPhone Developer";
				GCC_C_LANGUAGE_STANDARD = c99;
				GCC_WARN_ABOUT_RETURN_TYPE = YES;
				GCC_WARN_UNUSED_VARIABLE = YES;
				IPHONEOS_DEPLOYMENT_TARGET = 15.6;
				OTHER_CFLAGS = "-DNS_BLOCK_ASSERTIONS=1";
				PROVISIONING_PROFILE = "";
				"PROVISIONING_PROFILE[sdk=iphoneos*]" = "";
				SDKROOT = iphoneos;
			};
			name = Release;
		};
/* End XCBuildConfiguration section */

/* Begin XCConfigurationList section */
		1D6058960D05DD3E006BFB54 /* Build configuration list for PBXNativeTarget "Chess" */ = {
			isa = XCConfigurationList;
			buildConfigurations = (
				1D6058940D05DD3E006BFB54 /* Debug */,
				1D6058950D05DD3E006BFB54 /* Release */,
			);
			defaultConfigurationIsVisible = 0;
			defaultConfigurationName = Release;
		};
		AA5A027E2E1995000080DAFC /* Build configuration list for PBXNativeTarget "ChessEngine-ObjC" */ = {
			isa = XCConfigurationList;
			buildConfigurations = (
				AA5A027C2E1995000080DAFC /* Debug */,
				AA5A027D2E1995000080DAFC /* Release */,
			);
			defaultConfigurationIsVisible = 0;
			defaultConfigurationName = Release;
		};
		AAEDD02E2E17112300A90C54 /* Build configuration list for PBXNativeTarget "ChessEngine" */ = {
			isa = XCConfigurationList;
			buildConfigurations = (
				AAEDD02F2E17112300A90C54 /* Debug */,
				AAEDD0302E17112300A90C54 /* Release */,
			);
			defaultConfigurationIsVisible = 0;
			defaultConfigurationName = Release;
		};
		C01FCF4E08A954540054247B /* Build configuration list for PBXProject "Chess" */ = {
			isa = XCConfigurationList;
			buildConfigurations = (
				C01FCF4F08A954540054247B /* Debug */,
				C01FCF5008A954540054247B /* Release */,
			);
			defaultConfigurationIsVisible = 0;
			defaultConfigurationName = Release;
		};
/* End XCConfigurationList section */
	};
	rootObject = 29B97313FDCFA39411CA2CEA /* Project object */;
}
